{
    "_meta": {
        "hash": {
            "sha256": "dcbe9bc24af01723065307be6c56f3fe08dfc933c1aba1e6fe1f9397548359da"
        },
        "pipfile-spec": 6,
        "requires": {
            "python_version": "3.11"
        },
        "sources": [
            {
                "name": "pypi",
                "url": "https://pypi.org/simple",
                "verify_ssl": true
            }
        ]
    },
    "default": {
        "prometheus-client": {
            "hashes": [
                "sha256:5e373b75c31afb3c86f1a52fa1ad470c9aace18082d39ec0d2f918d11cc9ba28",
                "sha256:d5aec89e349a6ec230805d0df882f3807f74fd6c1a2fa86864e3c2279059fed1"
            ],
            "index": "pypi",
            "markers": "python_version >= '3.9'",
            "version": "==0.25.0"
        }
    },
    "develop": {}
}
